// !$*UTF8*$!
{
	archiveVersion = 1;
	classes = {
	};
	objectVersion = 77;
	objects = {

/* Begin PBXContainerItemProxy section */
		752BF9D02CDE351A001CF2A9 /* PBXContainerItemProxy */ = {
			isa = PBXContainerItemProxy;
			containerPortal = 752BF9B72CDE3519001CF2A9 /* Project object */;
			proxyType = 1;
			remoteGlobalIDString = 752BF9BE2CDE3519001CF2A9;
			remoteInfo = Parliament;
		};
		752BF9DA2CDE351A001CF2A9 /* PBXContainerItemProxy */ = {
			isa = PBXContainerItemProxy;
			containerPortal = 752BF9B72CDE3519001CF2A9 /* Project object */;
			proxyType = 1;
			remoteGlobalIDString = 752BF9BE2CDE3519001CF2A9;
			remoteInfo = Parliament;
		};
/* End PBXContainerItemProxy section */

/* Begin PBXFileReference section */
		752BF9BF2CDE3519001CF2A9 /* Parliament.app */ = {isa = PBXFileReference; explicitFileType = wrapper.application; includeInIndex = 0; path = Parliament.app; sourceTree = BUILT_PRODUCTS_DIR; };
		752BF9CF2CDE351A001CF2A9 /* ParliamentTests.xctest */ = {isa = PBXFileReference; explicitFileType = wrapper.cfbundle; includeInIndex = 0; path = ParliamentTests.xctest; sourceTree = BUILT_PRODUCTS_DIR; };
		752BF9D92CDE351A001CF2A9 /* ParliamentUITests.xctest */ = {isa = PBXFileReference; explicitFileType = wrapper.cfbundle; includeInIndex = 0; path = ParliamentUITests.xctest; sourceTree = BUILT_PRODUCTS_DIR; };
/* End PBXFileReference section */

/* Begin PBXFileSystemSynchronizedRootGroup section */
		752BF9C12CDE3519001CF2A9 /* Parliament */ = {
			isa = PBXFileSystemSynchronizedRootGroup;
			path = Parliament;
			sourceTree = "<group>";
		};
		752BF9D22CDE351A001CF2A9 /* ParliamentTests */ = {
			isa = PBXFileSystemSynchronizedRootGroup;
			path = ParliamentTests;
			sourceTree = "<group>";
		};
		752BF9DC2CDE351A001CF2A9 /* ParliamentUITests */ = {
			isa = PBXFileSystemSynchronizedRootGroup;
			path = ParliamentUITests;
			sourceTree = "<group>";
		};
/* End PBXFileSystemSynchronizedRootGroup section */

/* Begin PBXFrameworksBuildPhase section */
		752BF9BC2CDE3519001CF2A9 /* Frameworks */ = {
			isa = PBXFrameworksBuildPhase;
			buildActionMask = 2147483647;
			files = (
			);
			runOnlyForDeploymentPostprocessing = 0;
		};
		752BF9CC2CDE351A001CF2A9 /* Frameworks */ = {
			isa = PBXFrameworksBuildPhase;
			buildActionMask = 2147483647;
			files = (
			);
			runOnlyForDeploymentPostprocessing = 0;
		};
		752BF9D62CDE351A001CF2A9 /* Frameworks */ = {
			isa = PBXFrameworksBuildPhase;
			buildActionMask = 2147483647;
			files = (
			);
			runOnlyForDeploymentPostprocessing = 0;
		};
/* End PBXFrameworksBuildPhase section */

/* Begin PBXGroup section */
		752BF9B62CDE3519001CF2A9 = {
			isa = PBXGroup;
			children = (
				752BF9C12CDE3519001CF2A9 /* Parliament */,
				752BF9D22CDE351A001CF2A9 /* ParliamentTests */,
				752BF9DC2CDE351A001CF2A9 /* ParliamentUITests */,
				752BF9C02CDE3519001CF2A9 /* Products */,
			);
			sourceTree = "<group>";
		};
		752BF9C02CDE3519001CF2A9 /* Products */ = {
			isa = PBXGroup;
			children = (
				752BF9BF2CDE3519001CF2A9 /* Parliament.app */,
				752BF9CF2CDE351A001CF2A9 /* ParliamentTests.xctest */,
				752BF9D92CDE351A001CF2A9 /* ParliamentUITests.xctest */,
			);
			name = Products;
			sourceTree = "<group>";
		};
/* End PBXGroup section */

/* Begin PBXNativeTarget section */
		752BF9BE2CDE3519001CF2A9 /* Parliament */ = {
			isa = PBXNativeTarget;
			buildConfigurationList = 752BF9E32CDE351A001CF2A9 /* Build configuration list for PBXNativeTarget "Parliament" */;
			buildPhases = (
				752BF9BB2CDE3519001CF2A9 /* Sources */,
				752BF9BC2CDE3519001CF2A9 /* Frameworks */,
				752BF9BD2CDE3519001CF2A9 /* Resources */,
			);
			buildRules = (
			);
			dependencies = (
			);
			fileSystemSynchronizedGroups = (
				752BF9C12CDE3519001CF2A9 /* Parliament */,
			);
			name = Parliament;
			packageProductDependencies = (
			);
			productName = Parliament;
			productReference = 752BF9BF2CDE3519001CF2A9 /* Parliament.app */;
			productType = "com.apple.product-type.application";
		};
		752BF9CE2CDE351A001CF2A9 /* ParliamentTests */ = {
			isa = PBXNativeTarget;
			buildConfigurationList = 752BF9E62CDE351A001CF2A9 /* Build configuration list for PBXNativeTarget "ParliamentTests" */;
			buildPhases = (
				752BF9CB2CDE351A001CF2A9 /* Sources */,
				752BF9CC2CDE351A001CF2A9 /* Frameworks */,
				752BF9CD2CDE351A001CF2A9 /* Resources */,
			);
			buildRules = (
			);
			dependencies = (
				752BF9D12CDE351A001CF2A9 /* PBXTargetDependency */,
			);
			fileSystemSynchronizedGroups = (
				752BF9D22CDE351A001CF2A9 /* ParliamentTests */,
			);
			name = ParliamentTests;
			packageProductDependencies = (
			);
			productName = ParliamentTests;
			productReference = 752BF9CF2CDE351A001CF2A9 /* ParliamentTests.xctest */;
			productType = "com.apple.product-type.bundle.unit-test";
		};
		752BF9D82CDE351A001CF2A9 /* ParliamentUITests */ = {
			isa = PBXNativeTarget;
			buildConfigurationList = 752BF9E92CDE351A001CF2A9 /* Build configuration list for PBXNativeTarget "ParliamentUITests" */;
			buildPhases = (
				752BF9D52CDE351A001CF2A9 /* Sources */,
				752BF9D62CDE351A001CF2A9 /* Frameworks */,
				752BF9D72CDE351A001CF2A9 /* Resources */,
			);
			buildRules = (
			);
			dependencies = (
				752BF9DB2CDE351A001CF2A9 /* PBXTargetDependency */,
			);
			fileSystemSynchronizedGroups = (
				752BF9DC2CDE351A001CF2A9 /* ParliamentUITests */,
			);
			name = ParliamentUITests;
			packageProductDependencies = (
			);
			productName = ParliamentUITests;
			productReference = 752BF9D92CDE351A001CF2A9 /* ParliamentUITests.xctest */;
			productType = "com.apple.product-type.bundle.ui-testing";
		};
/* End PBXNativeTarget section */

/* Begin PBXProject section */
		752BF9B72CDE3519001CF2A9 /* Project object */ = {
			isa = PBXProject;
			attributes = {
				BuildIndependentTargetsInParallel = 1;
				LastSwiftUpdateCheck = 1610;
				LastUpgradeCheck = 1610;
				TargetAttributes = {
					752BF9BE2CDE3519001CF2A9 = {
						CreatedOnToolsVersion = 16.1;
					};
					752BF9CE2CDE351A001CF2A9 = {
						CreatedOnToolsVersion = 16.1;
						TestTargetID = 752BF9BE2CDE3519001CF2A9;
					};
					752BF9D82CDE351A001CF2A9 = {
						CreatedOnToolsVersion = 16.1;
						TestTargetID = 752BF9BE2CDE3519001CF2A9;
					};
				};
			};
			buildConfigurationList = 752BF9BA2CDE3519001CF2A9 /* Build configuration list for PBXProject "Parliament" */;
			developmentRegion = en;
			hasScannedForEncodings = 0;
			knownRegions = (
				en,
				Base,
			);
			mainGroup = 752BF9B62CDE3519001CF2A9;
			minimizedProjectReferenceProxies = 1;
			preferredProjectObjectVersion = 77;
			productRefGroup = 752BF9C02CDE3519001CF2A9 /* Products */;
			projectDirPath = "";
			projectRoot = "";
			targets = (
				752BF9BE2CDE3519001CF2A9 /* Parliament */,
				752BF9CE2CDE351A001CF2A9 /* ParliamentTests */,
				752BF9D82CDE351A001CF2A9 /* ParliamentUITests */,
			);
		};
/* End PBXProject section */

/* Begin PBXResourcesBuildPhase section */
		752BF9BD2CDE3519001CF2A9 /* Resources */ = {
			isa = PBXResourcesBuildPhase;
			buildActionMask = 2147483647;
			files = (
			);
			runOnlyForDeploymentPostprocessing = 0;
		};
		752BF9CD2CDE351A001CF2A9 /* Resources */ = {
			isa = PBXResourcesBuildPhase;
			buildActionMask = 2147483647;
			files = (
			);
			runOnlyForDeploymentPostprocessing = 0;
		};
		752BF9D72CDE351A001CF2A9 /* Resources */ = {
			isa = PBXResourcesBuildPhase;
			buildActionMask = 2147483647;
			files = (
			);
			runOnlyForDeploymentPostprocessing = 0;
		};
/* End PBXResourcesBuildPhase section */

/* Begin PBXSourcesBuildPhase section */
		752BF9BB2CDE3519001CF2A9 /* Sources */ = {
			isa = PBXSourcesBuildPhase;
			buildActionMask = 2147483647;
			files = (
			);
			runOnlyForDeploymentPostprocessing = 0;
		};
		752BF9CB2CDE351A001CF2A9 /* Sources */ = {
			isa = PBXSourcesBuildPhase;
			buildActionMask = 2147483647;
			files = (
			);
			runOnlyForDeploymentPostprocessing = 0;
		};
		752BF9D52CDE351A001CF2A9 /* Sources */ = {
			isa = PBXSourcesBuildPhase;
			buildActionMask = 2147483647;
			files = (
			);
			runOnlyForDeploymentPostprocessing = 0;
		};
/* End PBXSourcesBuildPhase section */

/* Begin PBXTargetDependency section */
		752BF9D12CDE351A001CF2A9 /* PBXTargetDependency */ = {
			isa = PBXTargetDependency;
			target = 752BF9BE2CDE3519001CF2A9 /* Parliament */;
			targetProxy = 752BF9D02CDE351A001CF2A9 /* PBXContainerItemProxy */;
		};
		752BF9DB2CDE351A001CF2A9 /* PBXTargetDependency */ = {
			isa = PBXTargetDependency;
			target = 752BF9BE2CDE3519001CF2A9 /* Parliament */;
			targetProxy = 752BF9DA2CDE351A001CF2A9 /* PBXContainerItemProxy */;
		};
/* End PBXTargetDependency section */

/* Begin XCBuildConfiguration section */
		752BF9E12CDE351A001CF2A9 /* Debug */ = {
			isa = XCBuildConfiguration;
			buildSettings = {
				ALWAYS_SEARCH_USER_PATHS = NO;
				ASSETCATALOG_COMPILER_GENERATE_SWIFT_ASSET_SYMBOL_EXTENSIONS = YES;
				CLANG_ANALYZER_NONNULL = YES;
				CLANG_ANALYZER_NUMBER_OBJECT_CONVERSION = YES_AGGRESSIVE;
				CLANG_CXX_LANGUAGE_STANDARD = "gnu++20";
				CLANG_ENABLE_MODULES = YES;
				CLANG_ENABLE_OBJC_ARC = YES;
				CLANG_ENABLE_OBJC_WEAK = YES;
				CLANG_WARN_BLOCK_CAPTURE_AUTORELEASING = YES;
				CLANG_WARN_BOOL_CONVERSION = YES;
				CLANG_WARN_COMMA = YES;
				CLANG_WARN_CONSTANT_CONVERSION = YES;
				CLANG_WARN_DEPRECATED_OBJC_IMPLEMENTATIONS = YES;
				CLANG_WARN_DIRECT_OBJC_ISA_USAGE = YES_ERROR;
				CLANG_WARN_DOCUMENTATION_COMMENTS = YES;
				CLANG_WARN_EMPTY_BODY = YES;
				CLANG_WARN_ENUM_CONVERSION = YES;
				CLANG_WARN_INFINITE_RECURSION = YES;
				CLANG_WARN_INT_CONVERSION = YES;
				CLANG_WARN_NON_LITERAL_NULL_CONVERSION = YES;
				CLANG_WARN_OBJC_IMPLICIT_RETAIN_SELF = YES;
				CLANG_WARN_OBJC_LITERAL_CONVERSION = YES;
				CLANG_WARN_OBJC_ROOT_CLASS = YES_ERROR;
				CLANG_WARN_QUOTED_INCLUDE_IN_FRAMEWORK_HEADER = YES;
				CLANG_WARN_RANGE_LOOP_ANALYSIS = YES;
				CLANG_WARN_STRICT_PROTOTYPES = YES;
				CLANG_WARN_SUSPICIOUS_MOVE = YES;
				CLANG_WARN_UNGUARDED_AVAILABILITY = YES_AGGRESSIVE;
				CLANG_WARN_UNREACHABLE_CODE = YES;
				CLANG_WARN__DUPLICATE_METHOD_MATCH = YES;
				COPY_PHASE_STRIP = NO;
				DEBUG_INFORMATION_FORMAT = dwarf;
				ENABLE_STRICT_OBJC_MSGSEND = YES;
				ENABLE_TESTABILITY = YES;
				ENABLE_USER_SCRIPT_SANDBOXING = YES;
				GCC_C_LANGUAGE_STANDARD = gnu17;
				GCC_DYNAMIC_NO_PIC = NO;
				GCC_NO_COMMON_BLOCKS = YES;
				GCC_OPTIMIZATION_LEVEL = 0;
				GCC_PREPROCESSOR_DEFINITIONS = (
					"DEBUG=1",
					"$(inherited)",
				);
				GCC_WARN_64_TO_32_BIT_CONVERSION = YES;
				GCC_WARN_ABOUT_RETURN_TYPE = YES_ERROR;
				GCC_WARN_UNDECLARED_SELECTOR = YES;
				GCC_WARN_UNINITIALIZED_AUTOS = YES_AGGRESSIVE;
				GCC_WARN_UNUSED_FUNCTION = YES;
				GCC_WARN_UNUSED_VARIABLE = YES;
				IPHONEOS_DEPLOYMENT_TARGET = 18.1;
				LOCALIZATION_PREFERS_STRING_CATALOGS = YES;
				MTL_ENABLE_DEBUG_INFO = INCLUDE_SOURCE;
				MTL_FAST_MATH = YES;
				ONLY_ACTIVE_ARCH = YES;
				SDKROOT = iphoneos;
				SWIFT_ACTIVE_COMPILATION_CONDITIONS = "DEBUG $(inherited)";
				SWIFT_OPTIMIZATION_LEVEL = "-Onone";
			};
			name = Debug;
		};
		752BF9E22CDE351A001CF2A9 /* Release */ = {
			isa = XCBuildConfiguration;
			buildSettings = {
				ALWAYS_SEARCH_USER_PATHS = NO;
				ASSETCATALOG_COMPILER_GENERATE_SWIFT_ASSET_SYMBOL_EXTENSIONS = YES;
				CLANG_ANALYZER_NONNULL = YES;
				CLANG_ANALYZER_NUMBER_OBJECT_CONVERSION = YES_AGGRESSIVE;
				CLANG_CXX_LANGUAGE_STANDARD = "gnu++20";
				CLANG_ENABLE_MODULES = YES;
				CLANG_ENABLE_OBJC_ARC = YES;
				CLANG_ENABLE_OBJC_WEAK = YES;
				CLANG_WARN_BLOCK_CAPTURE_AUTORELEASING = YES;
				CLANG_WARN_BOOL_CONVERSION = YES;
				CLANG_WARN_COMMA = YES;
				CLANG_WARN_CONSTANT_CONVERSION = YES;
				CLANG_WARN_DEPRECATED_OBJC_IMPLEMENTATIONS = YES;
				CLANG_WARN_DIRECT_OBJC_ISA_USAGE = YES_ERROR;
				CLANG_WARN_DOCUMENTATION_COMMENTS = YES;
				CLANG_WARN_EMPTY_BODY = YES;
				CLANG_WARN_ENUM_CONVERSION = YES;
				CLANG_WARN_INFINITE_RECURSION = YES;
				CLANG_WARN_INT_CONVERSION = YES;
				CLANG_WARN_NON_LITERAL_NULL_CONVERSION = YES;
				CLANG_WARN_OBJC_IMPLICIT_RETAIN_SELF = YES;
				CLANG_WARN_OBJC_LITERAL_CONVERSION = YES;
				CLANG_WARN_OBJC_ROOT_CLASS = YES_ERROR;
				CLANG_WARN_QUOTED_INCLUDE_IN_FRAMEWORK_HEADER = YES;
				CLANG_WARN_RANGE_LOOP_ANALYSIS = YES;
				CLANG_WARN_STRICT_PROTOTYPES = YES;
				CLANG_WARN_SUSPICIOUS_MOVE = YES;
				CLANG_WARN_UNGUARDED_AVAILABILITY = YES_AGGRESSIVE;
				CLANG_WARN_UNREACHABLE_CODE = YES;
				CLANG_WARN__DUPLICATE_METHOD_MATCH = YES;
				COPY_PHASE_STRIP = NO;
				DEBUG_INFORMATION_FORMAT = "dwarf-with-dsym";
				ENABLE_NS_ASSERTIONS = NO;
				ENABLE_STRICT_OBJC_MSGSEND = YES;
				ENABLE_USER_SCRIPT_SANDBOXING = YES;
				GCC_C_LANGUAGE_STANDARD = gnu17;
				GCC_NO_COMMON_BLOCKS = YES;
				GCC_WARN_64_TO_32_BIT_CONVERSION = YES;
				GCC_WARN_ABOUT_RETURN_TYPE = YES_ERROR;
				GCC_WARN_UNDECLARED_SELECTOR = YES;
				GCC_WARN_UNINITIALIZED_AUTOS = YES_AGGRESSIVE;
				GCC_WARN_UNUSED_FUNCTION = YES;
				GCC_WARN_UNUSED_VARIABLE = YES;
				IPHONEOS_DEPLOYMENT_TARGET = 18.1;
				LOCALIZATION_PREFERS_STRING_CATALOGS = YES;
				MTL_ENABLE_DEBUG_INFO = NO;
				MTL_FAST_MATH = YES;
				SDKROOT = iphoneos;
				SWIFT_COMPILATION_MODE = wholemodule;
				VALIDATE_PRODUCT = YES;
			};
			name = Release;
		};
		752BF9E42CDE351A001CF2A9 /* Debug */ = {
			isa = XCBuildConfiguration;
			buildSettings = {
				ASSETCATALOG_COMPILER_APPICON_NAME = AppIcon;
				ASSETCATALOG_COMPILER_GLOBAL_ACCENT_COLOR_NAME = AccentColor;
				CODE_SIGN_STYLE = Automatic;
				CURRENT_PROJECT_VERSION = 1;
				DEVELOPMENT_ASSET_PATHS = "\"Parliament/Preview Content\"";
				ENABLE_PREVIEWS = YES;
				GENERATE_INFOPLIST_FILE = YES;
				INFOPLIST_KEY_UIApplicationSceneManifest_Generation = YES;
				INFOPLIST_KEY_UIApplicationSupportsIndirectInputEvents = YES;
				INFOPLIST_KEY_UILaunchScreen_Generation = YES;
				INFOPLIST_KEY_UISupportedInterfaceOrientations_iPad = "UIInterfaceOrientationPortrait UIInterfaceOrientationPortraitUpsideDown UIInterfaceOrientationLandscapeLeft UIInterfaceOrientationLandscapeRight";
				INFOPLIST_KEY_UISupportedInterfaceOrientations_iPhone = "UIInterfaceOrientationPortrait UIInterfaceOrientationLandscapeLeft UIInterfaceOrientationLandscapeRight";
				LD_RUNPATH_SEARCH_PATHS = (
					"$(inherited)",
					"@executable_path/Frameworks",
				);
				MARKETING_VERSION = 1.0;
				PRODUCT_BUNDLE_IDENTIFIER = andriid.Parliament;
				PRODUCT_NAME = "$(TARGET_NAME)";
				SWIFT_EMIT_LOC_STRINGS = YES;
				SWIFT_VERSION = 5.0;
				TARGETED_DEVICE_FAMILY = "1,2";
			};
			name = Debug;
		};
		752BF9E52CDE351A001CF2A9 /* Release */ = {
			isa = XCBuildConfiguration;
			buildSettings = {
				ASSETCATALOG_COMPILER_APPICON_NAME = AppIcon;
				ASSETCATALOG_COMPILER_GLOBAL_ACCENT_COLOR_NAME = AccentColor;
				CODE_SIGN_STYLE = Automatic;
				CURRENT_PROJECT_VERSION = 1;
				DEVELOPMENT_ASSET_PATHS = "\"Parliament/Preview Content\"";
				ENABLE_PREVIEWS = YES;
				GENERATE_INFOPLIST_FILE = YES;
				INFOPLIST_KEY_UIApplicationSceneManifest_Generation = YES;
				INFOPLIST_KEY_UIApplicationSupportsIndirectInputEvents = YES;
				INFOPLIST_KEY_UILaunchScreen_Generation = YES;
				INFOPLIST_KEY_UISupportedInterfaceOrientations_iPad = "UIInterfaceOrientationPortrait UIInterfaceOrientationPortraitUpsideDown UIInterfaceOrientationLandscapeLeft UIInterfaceOrientationLandscapeRight";
				INFOPLIST_KEY_UISupportedInterfaceOrientations_iPhone = "UIInterfaceOrientationPortrait UIInterfaceOrientationLandscapeLeft UIInterfaceOrientationLandscapeRight";
				LD_RUNPATH_SEARCH_PATHS = (
					"$(inherited)",
					"@executable_path/Frameworks",
				);
				MARKETING_VERSION = 1.0;
				PRODUCT_BUNDLE_IDENTIFIER = andriid.Parliament;
				PRODUCT_NAME = "$(TARGET_NAME)";
				SWIFT_EMIT_LOC_STRINGS = YES;
				SWIFT_VERSION = 5.0;
				TARGETED_DEVICE_FAMILY = "1,2";
			};
			name = Release;
		};
		752BF9E72CDE351A001CF2A9 /* Debug */ = {
			isa = XCBuildConfiguration;
			buildSettings = {
				BUNDLE_LOADER = "$(TEST_HOST)";
				CODE_SIGN_STYLE = Automatic;
				CURRENT_PROJECT_VERSION = 1;
				GENERATE_INFOPLIST_FILE = YES;
				IPHONEOS_DEPLOYMENT_TARGET = 18.1;
				MARKETING_VERSION = 1.0;
				PRODUCT_BUNDLE_IDENTIFIER = andriid.ParliamentTests;
				PRODUCT_NAME = "$(TARGET_NAME)";
				SWIFT_EMIT_LOC_STRINGS = NO;
				SWIFT_VERSION = 5.0;
				TARGETED_DEVICE_FAMILY = "1,2";
				TEST_HOST = "$(BUILT_PRODUCTS_DIR)/Parliament.app/$(BUNDLE_EXECUTABLE_FOLDER_PATH)/Parliament";
			};
			name = Debug;
		};
		752BF9E82CDE351A001CF2A9 /* Release */ = {
			isa = XCBuildConfiguration;
			buildSettings = {
				BUNDLE_LOADER = "$(TEST_HOST)";
				CODE_SIGN_STYLE = Automatic;
				CURRENT_PROJECT_VERSION = 1;
				GENERATE_INFOPLIST_FILE = YES;
				IPHONEOS_DEPLOYMENT_TARGET = 18.1;
				MARKETING_VERSION = 1.0;
				PRODUCT_BUNDLE_IDENTIFIER = andriid.ParliamentTests;
				PRODUCT_NAME = "$(TARGET_NAME)";
				SWIFT_EMIT_LOC_STRINGS = NO;
				SWIFT_VERSION = 5.0;
				TARGETED_DEVICE_FAMILY = "1,2";
				TEST_HOST = "$(BUILT_PRODUCTS_DIR)/Parliament.app/$(BUNDLE_EXECUTABLE_FOLDER_PATH)/Parliament";
			};
			name = Release;
		};
		752BF9EA2CDE351A001CF2A9 /* Debug */ = {
			isa = XCBuildConfiguration;
			buildSettings = {
				CODE_SIGN_STYLE = Automatic;
				CURRENT_PROJECT_VERSION = 1;
				GENERATE_INFOPLIST_FILE = YES;
				MARKETING_VERSION = 1.0;
				PRODUCT_BUNDLE_IDENTIFIER = andriid.ParliamentUITests;
				PRODUCT_NAME = "$(TARGET_NAME)";
				SWIFT_EMIT_LOC_STRINGS = NO;
				SWIFT_VERSION = 5.0;
				TARGETED_DEVICE_FAMILY = "1,2";
				TEST_TARGET_NAME = Parliament;
			};
			name = Debug;
		};
		752BF9EB2CDE351A001CF2A9 /* Release */ = {
			isa = XCBuildConfiguration;
			buildSettings = {
				CODE_SIGN_STYLE = Automatic;
				CURRENT_PROJECT_VERSION = 1;
				GENERATE_INFOPLIST_FILE = YES;
				MARKETING_VERSION = 1.0;
				PRODUCT_BUNDLE_IDENTIFIER = andriid.ParliamentUITests;
				PRODUCT_NAME = "$(TARGET_NAME)";
				SWIFT_EMIT_LOC_STRINGS = NO;
				SWIFT_VERSION = 5.0;
				TARGETED_DEVICE_FAMILY = "1,2";
				TEST_TARGET_NAME = Parliament;
			};
			name = Release;
		};
/* End XCBuildConfiguration section */

/* Begin XCConfigurationList section */
		752BF9BA2CDE3519001CF2A9 /* Build configuration list for PBXProject "Parliament" */ = {
			isa = XCConfigurationList;
			buildConfigurations = (
				752BF9E12CDE351A001CF2A9 /* Debug */,
				752BF9E22CDE351A001CF2A9 /* Release */,
			);
			defaultConfigurationIsVisible = 0;
			defaultConfigurationName = Release;
		};
		752BF9E32CDE351A001CF2A9 /* Build configuration list for PBXNativeTarget "Parliament" */ = {
			isa = XCConfigurationList;
			buildConfigurations = (
				752BF9E42CDE351A001CF2A9 /* Debug */,
				752BF9E52CDE351A001CF2A9 /* Release */,
			);
			defaultConfigurationIsVisible = 0;
			defaultConfigurationName = Release;
		};
		752BF9E62CDE351A001CF2A9 /* Build configuration list for PBXNativeTarget "ParliamentTests" */ = {
			isa = XCConfigurationList;
			buildConfigurations = (
				752BF9E72CDE351A001CF2A9 /* Debug */,
				752BF9E82CDE351A001CF2A9 /* Release */,
			);
			defaultConfigurationIsVisible = 0;
			defaultConfigurationName = Release;
		};
		752BF9E92CDE351A001CF2A9 /* Build configuration list for PBXNativeTarget "ParliamentUITests" */ = {
			isa = XCConfigurationList;
			buildConfigurations = (
				752BF9EA2CDE351A001CF2A9 /* Debug */,
				752BF9EB2CDE351A001CF2A9 /* Release */,
			);
			defaultConfigurationIsVisible = 0;
			defaultConfigurationName = Release;
		};
/* End XCConfigurationList section */
	};
	rootObject = 752BF9B72CDE3519001CF2A9 /* Project object */;
}
